{
    "name": "core.web",
    "version": "1.0.16",
    "lockfileVersion": 1,
    "requires": true,
    "dependencies": {
        "asap": {
            "version": "2.0.6",
            "resolved": "https://registry.npmjs.org/asap/-/asap-2.0.6.tgz",
            "integrity": "sha1-5QNHYR1+aQlDIIu9r+vLwvuGbUY="
        },
        "baobab": {
            "version": "2.6.1",
            "resolved": "https://registry.npmjs.org/baobab/-/baobab-2.6.1.tgz",
            "integrity": "sha512-/kLgRbQF+1bdwgs0SaNuASB9qmB3q7OsDUTOGScKa+1zY3PKw5NOW3Cf23Lun+UHH8wXJdQxGiyYkv3W1YsAGA==",
            "requires": {
                "emmett": "^3.2.0"
            },
            "dependencies": {
                "emmett": {
                    "version": "3.2.0",
                    "resolved": "https://registry.npmjs.org/emmett/-/emmett-3.2.0.tgz",
                    "integrity": "sha512-GLOQAzo1+ETCJPDKaSOXANSp1OZafBtL84dO4keY3ah4JTyL26wq0VObmBQ/9fol2Gup5y7e6YhOUd7Fx7H9Ww=="
                }
            }
        },
        "core-js": {
            "version": "1.2.7",
            "resolved": "https://registry.npmjs.org/core-js/-/core-js-1.2.7.tgz",
            "integrity": "sha1-ZSKUwUZR2yj6k70tX/KYOk8IxjY="
        },
        "core.constructor": {
            "version": "1.0.4",
            "resolved": "https://registry.npmjs.org/core.constructor/-/core.constructor-1.0.4.tgz",
            "integrity": "sha512-3xFrDbeX02E7a6GKY/2jWqi/1csE1j57lMz1S/ECEuBYqfqh/jDUOqzAmH1JgDt/bdwLWk39HeRuA/lfHOf7tg=="
        },
        "core.import.baobab": {
            "version": "2.4.3",
            "resolved": "https://registry.npmjs.org/core.import.baobab/-/core.import.baobab-2.4.3.tgz",
            "integrity": "sha1-1OGWkwRqQ+UfOO4/WCVK3QSxlKo=",
            "requires": {
                "baobab": "^2.4.3"
            }
        },
        "core.import.create-react-class": {
            "version": "0.1.5",
            "resolved": "https://registry.npmjs.org/core.import.create-react-class/-/core.import.create-react-class-0.1.5.tgz",
            "integrity": "sha512-GBTV50hkUt/+sxJ16gexNRlIVB0b2+TFGE1eDfgBI+Rk8e1uIjOxOW85dAq4xavzGK4uFzOhVZa+D4EeZ7HMMQ==",
            "requires": {
                "create-react-class": "^15.5.2",
                "react": "^16.2.0"
            }
        },
        "core.import.prop-types": {
            "version": "0.1.4",
            "resolved": "https://registry.npmjs.org/core.import.prop-types/-/core.import.prop-types-0.1.4.tgz",
            "integrity": "sha1-n8GGXzUZ4xfo5/l+we0FMrfiHN0=",
            "requires": {
                "prop-types": "^15.5.8"
            }
        },
        "core.import.q": {
            "version": "1.5.0",
            "resolved": "https://registry.npmjs.org/core.import.q/-/core.import.q-1.5.0.tgz",
            "integrity": "sha1-FMHgbZdKXlVxf3ZfjAN6K9UZb6Q=",
            "requires": {
                "q": "^1.5.0"
            }
        },
        "core.import.react": {
            "version": "16.3.0",
            "resolved": "https://registry.npmjs.org/core.import.react/-/core.import.react-16.3.0.tgz",
            "integrity": "sha512-32wylnG2a0SkiFiuHnUod8pWjvBXsB9sTjljSzRMSgd833n5E9lqWsc4CJzfMqyHcIa6W7cb1UZsL6Sy7zLwdA=="
        },
        "core.import.react-dom": {
            "version": "16.2.0",
            "resolved": "https://registry.npmjs.org/core.import.react-dom/-/core.import.react-dom-16.2.0.tgz",
            "integrity": "sha512-UfmlHkBe4Ic+w95ZT2aQjIiMrsn6qzBXe0qjmaiEzSR/AImegFmckvlzGCHN7sxk3vRmXop1V2RVVfKP9XPncw==",
            "requires": {
                "react": "^16.2.0",
                "react-dom": "^16.2.0"
            }
        },
        "core.loader.actions": {
            "version": "1.0.0",
            "resolved": "https://registry.npmjs.org/core.loader.actions/-/core.loader.actions-1.0.0.tgz",
            "integrity": "sha512-GQzGUeF+GJdxTtsaOrtVVyrXLWTNyo5YC4RTBQvZHu3ziTzXauZMZkuh8m2KXgEaF3gN8v3sAjDYPg+XYVZRzQ=="
        },
        "core.loader.channels": {
            "version": "1.0.0",
            "resolved": "https://registry.npmjs.org/core.loader.channels/-/core.loader.channels-1.0.0.tgz",
            "integrity": "sha512-g5hT+3vUYobZYfM+a6jVsL+GPRDuzPY2SVDFwBxBxleftdRZd+9Kkgq65E/B1N78kPuJA1aPupoL1fne1B6Cjw=="
        },
        "core.loader.components": {
            "version": "1.0.1",
            "resolved": "https://registry.npmjs.org/core.loader.components/-/core.loader.components-1.0.1.tgz",
            "integrity": "sha512-wAbFgPcIffRczE0JsUZCYaYLgyGISf2UDiXQP55IG29KoNdx/t9/Hx4tNVhWnLD/Tb2XvTt22hvPAihpeVux8w=="
        },
        "core.loader.events": {
            "version": "1.0.0",
            "resolved": "https://registry.npmjs.org/core.loader.events/-/core.loader.events-1.0.0.tgz",
            "integrity": "sha512-w9vyNJstvMx3W5HteSoM+mDiw5ZguWJkM9XsFkfnioNc40baC4cjk6MD7r7B2+SYMSy0YjKoB7RAUHe40t3rXg=="
        },
        "core.loader.extend": {
            "version": "0.0.1",
            "resolved": "https://registry.npmjs.org/core.loader.extend/-/core.loader.extend-0.0.1.tgz",
            "integrity": "sha1-S2kammIvIMIqq0WLpSnF8GQj/AI="
        },
        "core.loader.hooks": {
            "version": "1.0.0",
            "resolved": "https://registry.npmjs.org/core.loader.hooks/-/core.loader.hooks-1.0.0.tgz",
            "integrity": "sha512-s6hAhOOY3esxQFzfiIAbu+2gJ8jvVpT6DjC/6ubNy48AhSKTzVFr2wkW1LSsLu+L+q5ExE7Ij8b89x1vJvA2rg=="
        },
        "core.loader.imports": {
            "version": "1.0.0",
            "resolved": "https://registry.npmjs.org/core.loader.imports/-/core.loader.imports-1.0.0.tgz",
            "integrity": "sha512-N6MNPnFdIzznxbX5aw2bFYwqt70SzncfciepTDoiM1AhzCrZ93BqAJa/MPh9mV2/pVM8oxE/w8GQDsyLfKF8Vg=="
        },
        "core.loader.injector": {
            "version": "1.0.0",
            "resolved": "https://registry.npmjs.org/core.loader.injector/-/core.loader.injector-1.0.0.tgz",
            "integrity": "sha512-OUnpgOWvnKbvePlMsrJnNv/YBDVbn4YFlyequsVr+QeixEf2x2it8/0yzh89YLTluiUBY5fFiZRwHqNOP2wa5A=="
        },
        "core.loader.modules": {
            "version": "1.0.0",
            "resolved": "https://registry.npmjs.org/core.loader.modules/-/core.loader.modules-1.0.0.tgz",
            "integrity": "sha512-91Fw2zkkuyc7l7FD5xWdYyyseUC9pb1CouHljd/dT14eOAzjqbyu4SfAjZ7kN2VAl2J8+SE13UqOJTcIWHWdRg=="
        },
        "core.loader.tree": {
            "version": "1.0.4",
            "resolved": "https://registry.npmjs.org/core.loader.tree/-/core.loader.tree-1.0.4.tgz",
            "integrity": "sha512-18dLBR5Z501nivvX+Mqkx/oSi4WHDEP4eLVsf2Yhj0sLO07YjsDCJhWBH98jcXUqHtDVuaraWBXOXqDe/e2thg=="
        },
        "core.loader.types": {
            "version": "1.0.0",
            "resolved": "https://registry.npmjs.org/core.loader.types/-/core.loader.types-1.0.0.tgz",
            "integrity": "sha512-8tDJAhN7PUG4Atkg5vun7/KXtyJKkozlNST4Y2YQg1T+23Bhw4cm9Lt5ZTCL/N3sN26ZtCOB7PPoZXldh/6e4A=="
        },
        "core.loader.views": {
            "version": "1.0.0",
            "resolved": "https://registry.npmjs.org/core.loader.views/-/core.loader.views-1.0.0.tgz",
            "integrity": "sha512-2Jxe9rbEqsTW0UkslDzVFNetjhDFGpZPuWEu81qjXLj2h9k4PaipgE1nlLiU+HvAibpsuzql4LhX+63k6SEodA=="
        },
        "core.plugin.bindings": {
            "version": "1.0.4",
            "resolved": "https://registry.npmjs.org/core.plugin.bindings/-/core.plugin.bindings-1.0.4.tgz",
            "integrity": "sha512-NBfq50wFCj0kRVw+tKNkziuSdJa9gZGmX9/z84AXHu66eiWXEf3uSJBdmao5csBba+seXIP1Vu3sL2oB02lthA=="
        },
        "core.plugin.emitter": {
            "version": "1.0.1",
            "resolved": "https://registry.npmjs.org/core.plugin.emitter/-/core.plugin.emitter-1.0.1.tgz",
            "integrity": "sha512-avvdjjKL+ZgDRhJLR9cLUNcQAXOkHWv1BswuwaKuCJYALBBg+jyUp+1qpCJDeDmjmyCbkuH8F5OgkWE9Ed+dIQ=="
        },
        "core.plugin.import": {
            "version": "1.0.0",
            "resolved": "https://registry.npmjs.org/core.plugin.import/-/core.plugin.import-1.0.0.tgz",
            "integrity": "sha512-Zd+knBTzrgKcpmAssVKlPqdayHK1yfPfqbiYmBE4nb4EXMBn+rnt90jczXgy8EU0JlMaz1P01fAKsCPJvyxEJw=="
        },
        "core.plugin.injector": {
            "version": "1.0.1",
            "resolved": "https://registry.npmjs.org/core.plugin.injector/-/core.plugin.injector-1.0.1.tgz",
            "integrity": "sha512-/54wJT20Xu1QC1ExjQSGyNkmCxR+JlKsA4FqSGzDy0xXiLe2tPMTSt3YJ2h88iFuPCjujLidVBFCgTu2LCx8dA=="
        },
        "core.plugin.monitor": {
            "version": "1.0.0",
            "resolved": "https://registry.npmjs.org/core.plugin.monitor/-/core.plugin.monitor-1.0.0.tgz",
            "integrity": "sha512-PCHswgE2GU2MFxhmpEYScINQ8oewuoWa0qbrRuqrmTRKmnQv7WMjh6cFsNu2bAOB3g6LGuxGq2YofSgjCjKfHQ=="
        },
        "core.plugin.prepend": {
            "version": "1.0.0",
            "resolved": "https://registry.npmjs.org/core.plugin.prepend/-/core.plugin.prepend-1.0.0.tgz",
            "integrity": "sha512-B+RLYW8qBh5GfDViJ9Uk3iwAdD04iXrnDSfuE9VScJn+izEZZc/XNcFP1QM3P8tyrv4juArqiXE0VARPdakaRw=="
        },
        "core.plugin.test": {
            "version": "1.0.1",
            "resolved": "https://registry.npmjs.org/core.plugin.test/-/core.plugin.test-1.0.1.tgz",
            "integrity": "sha512-kKPZO7EgJ97ijCR3QZW9fxgqLumGIKVw+jGaahFUibhrH4pwWi9/77fkiC0sEhphRCjsly8F87Fd4406CR1U6w=="
        },
        "core.plugin.tree": {
            "version": "1.0.0",
            "resolved": "https://registry.npmjs.org/core.plugin.tree/-/core.plugin.tree-1.0.0.tgz",
            "integrity": "sha512-i+otl2F+7nOGXnTG+YxNShKFLth8Ad4BIn6AVY5AKQzIurvjitDqEqRA1YyIAjLGHCR5CVpSOlStfDD6Gy823Q=="
        },
        "core.plugin.type": {
            "version": "1.0.4",
            "resolved": "https://registry.npmjs.org/core.plugin.type/-/core.plugin.type-1.0.4.tgz",
            "integrity": "sha512-QKVDtHvJXDTZbw3qyzhC5TVPDxfp5LqN06Y0nHYsaer1mHTkuEiXmLxTorCvxwqtYk2F0aw/229P59QFp4QvVA=="
        },
        "core.plugin.uuid": {
            "version": "1.0.0",
            "resolved": "https://registry.npmjs.org/core.plugin.uuid/-/core.plugin.uuid-1.0.0.tgz",
            "integrity": "sha512-OMph9CjTIy2cIHXU8gDZen2aQxBQprlGOvEbNwpROekCW5MTZKVmTBrKzN19cjRrwmp/WiZVEvA7W/9/zvqPKw==",
            "requires": {
                "core.loader.extend": "0.0.1"
            }
        },
        "core.type.action": {
            "version": "1.0.5",
            "resolved": "https://registry.npmjs.org/core.type.action/-/core.type.action-1.0.5.tgz",
            "integrity": "sha512-rJoBRWVbbw2s8W4uey7TCsU6XB6qjoh6cusgYDKjW0LEbtZjGk2x6mQ+CoBfyIbfOgfA58fiG7JJT9bAyvybJw=="
        },
        "core.type.component": {
            "version": "1.0.4",
            "resolved": "https://registry.npmjs.org/core.type.component/-/core.type.component-1.0.4.tgz",
            "integrity": "sha512-3x3M/eyEVBX8jWI9U0PdbOqVYpIFxzBh6H8UGB9kVTEimH24WhvIIuQFjvxgJfWKZTB15ARuk8aKPYix7kqDqQ=="
        },
        "core.type.module": {
            "version": "1.0.3",
            "resolved": "https://registry.npmjs.org/core.type.module/-/core.type.module-1.0.3.tgz",
            "integrity": "sha512-sbSgB/wkbQBCoBgefEW2EH5A9A5++3mMxN9FgX3EJ83Kl+N7qT09Cy/fYKPrbFGJpD7etNKXjYnfyOsuWco0vA=="
        },
        "core.type.style": {
            "version": "1.0.1",
            "resolved": "https://registry.npmjs.org/core.type.style/-/core.type.style-1.0.1.tgz",
            "integrity": "sha512-cRts0tL2x9yEexVr9Ulg3T/sCpjurcyjQS/61A1Y4Qz9xGBGXd4bMf4mHhSxl29fdlUTGSOtzjGBX2VpffMzaQ=="
        },
        "core.type.view": {
            "version": "1.0.3",
            "resolved": "https://registry.npmjs.org/core.type.view/-/core.type.view-1.0.3.tgz",
            "integrity": "sha512-YzzD8XyHEzNo4IJALUmY8GfCY2ItDj/N6eC3nIyx6o2DP4xRSTLsEVllxegV0zsUiG00IAH3mXb5YUFaIz6dyg=="
        },
        "core.web.dom": {
            "version": "1.0.1",
            "resolved": "https://registry.npmjs.org/core.web.dom/-/core.web.dom-1.0.1.tgz",
            "integrity": "sha512-EMfWVc7/43n40TK3EhpCgCB7O0hoYHfA6HuyJYaVjnAQFbBMavsMriYh/NXaPggRDpcggMTn3TEzANNeEaAjHQ=="
        },
        "create-react-class": {
            "version": "15.6.3",
            "resolved": "https://registry.npmjs.org/create-react-class/-/create-react-class-15.6.3.tgz",
            "integrity": "sha512-M+/3Q6E6DLO6Yx3OwrWjwHBnvfXXYA7W+dFjt/ZDBemHO1DDZhsalX/NUtnTYclN6GfnBDRh4qRHjcDHmlJBJg==",
            "requires": {
                "fbjs": "^0.8.9",
                "loose-envify": "^1.3.1",
                "object-assign": "^4.1.1"
            }
        },
        "encoding": {
            "version": "0.1.12",
            "resolved": "https://registry.npmjs.org/encoding/-/encoding-0.1.12.tgz",
            "integrity": "sha1-U4tm8+5izRq1HsMjgp0flIDHS+s=",
            "requires": {
                "iconv-lite": "~0.4.13"
            }
        },
        "fbjs": {
            "version": "0.8.17",
            "resolved": "https://registry.npmjs.org/fbjs/-/fbjs-0.8.17.tgz",
            "integrity": "sha1-xNWY6taUkRJlPWWIsBpc3Nn5D90=",
            "requires": {
                "core-js": "^1.0.0",
                "isomorphic-fetch": "^2.1.1",
                "loose-envify": "^1.0.0",
                "object-assign": "^4.1.0",
                "promise": "^7.1.1",
                "setimmediate": "^1.0.5",
                "ua-parser-js": "^0.7.18"
            }
        },
        "iconv-lite": {
            "version": "0.4.24",
            "resolved": "https://registry.npmjs.org/iconv-lite/-/iconv-lite-0.4.24.tgz",
            "integrity": "sha512-v3MXnZAcvnywkTUEZomIActle7RXXeedOR31wwl7VlyoXO4Qi9arvSenNQWne1TcRwhCL1HwLI21bEqdpj8/rA==",
            "requires": {
                "safer-buffer": ">= 2.1.2 < 3"
            }
        },
        "is-stream": {
            "version": "1.1.0",
            "resolved": "https://registry.npmjs.org/is-stream/-/is-stream-1.1.0.tgz",
            "integrity": "sha1-EtSj3U5o4Lec6428hBc66A2RykQ="
        },
        "isomorphic-fetch": {
            "version": "2.2.1",
            "resolved": "https://registry.npmjs.org/isomorphic-fetch/-/isomorphic-fetch-2.2.1.tgz",
            "integrity": "sha1-YRrhrPFPXoH3KVB0coGf6XM1WKk=",
            "requires": {
                "node-fetch": "^1.0.1",
                "whatwg-fetch": ">=0.10.0"
            }
        },
        "js-tokens": {
            "version": "4.0.0",
            "resolved": "https://registry.npmjs.org/js-tokens/-/js-tokens-4.0.0.tgz",
            "integrity": "sha512-RdJUflcE3cUzKiMqQgsCu06FPu9UdIJO0beYbPhHN4k6apgJtifcoCtT9bcxOpYBtpD2kCM6Sbzg4CausW/PKQ=="
        },
        "loose-envify": {
            "version": "1.4.0",
            "resolved": "https://registry.npmjs.org/loose-envify/-/loose-envify-1.4.0.tgz",
            "integrity": "sha512-lyuxPGr/Wfhrlem2CL/UcnUc1zcqKAImBDzukY7Y5F/yQiNdko6+fRLevlw1HgMySw7f611UIY408EtxRSoK3Q==",
            "requires": {
                "js-tokens": "^3.0.0 || ^4.0.0"
            }
        },
        "node-fetch": {
            "version": "1.7.3",
            "resolved": "https://registry.npmjs.org/node-fetch/-/node-fetch-1.7.3.tgz",
            "integrity": "sha512-NhZ4CsKx7cYm2vSrBAr2PvFOe6sWDf0UYLRqA6svUYg7+/TSfVAu49jYC4BvQ4Sms9SZgdqGBgroqfDhJdTyKQ==",
            "requires": {
                "encoding": "^0.1.11",
                "is-stream": "^1.0.1"
            }
        },
        "object-assign": {
            "version": "4.1.1",
            "resolved": "https://registry.npmjs.org/object-assign/-/object-assign-4.1.1.tgz",
            "integrity": "sha1-IQmtx5ZYh8/AXLvUQsrIv7s2CGM="
        },
        "promise": {
            "version": "7.3.1",
            "resolved": "https://registry.npmjs.org/promise/-/promise-7.3.1.tgz",
            "integrity": "sha512-nolQXZ/4L+bP/UGlkfaIujX9BKxGwmQ9OT4mOt5yvy8iK1h3wqTEJCijzGANTCCl9nWjY41juyAn2K3Q1hLLTg==",
            "requires": {
                "asap": "~2.0.3"
            }
        },
        "prop-types": {
            "version": "15.7.2",
            "resolved": "https://registry.npmjs.org/prop-types/-/prop-types-15.7.2.tgz",
            "integrity": "sha512-8QQikdH7//R2vurIJSutZ1smHYTcLpRWEOlHnzcWHmBYrOGUysKwSsrC89BCiFj3CbrfJ/nXFdJepOVrY1GCHQ==",
            "requires": {
                "loose-envify": "^1.4.0",
                "object-assign": "^4.1.1",
                "react-is": "^16.8.1"
            }
        },
        "q": {
            "version": "1.5.1",
            "resolved": "https://registry.npmjs.org/q/-/q-1.5.1.tgz",
            "integrity": "sha1-fjL3W0E4EpHQRhHxvxQQmsAGUdc="
        },
        "react": {
            "version": "16.8.6",
            "resolved": "https://registry.npmjs.org/react/-/react-16.8.6.tgz",
            "integrity": "sha512-pC0uMkhLaHm11ZSJULfOBqV4tIZkx87ZLvbbQYunNixAAvjnC+snJCg0XQXn9VIsttVsbZP/H/ewzgsd5fxKXw==",
            "requires": {
                "loose-envify": "^1.1.0",
                "object-assign": "^4.1.1",
                "prop-types": "^15.6.2",
                "scheduler": "^0.13.6"
            }
        },
        "react-dom": {
            "version": "16.8.6",
            "resolved": "https://registry.npmjs.org/react-dom/-/react-dom-16.8.6.tgz",
            "integrity": "sha512-1nL7PIq9LTL3fthPqwkvr2zY7phIPjYrT0jp4HjyEQrEROnw4dG41VVwi/wfoCneoleqrNX7iAD+pXebJZwrwA==",
            "requires": {
                "loose-envify": "^1.1.0",
                "object-assign": "^4.1.1",
                "prop-types": "^15.6.2",
                "scheduler": "^0.13.6"
            }
        },
        "react-is": {
            "version": "16.8.6",
            "resolved": "https://registry.npmjs.org/react-is/-/react-is-16.8.6.tgz",
            "integrity": "sha512-aUk3bHfZ2bRSVFFbbeVS4i+lNPZr3/WM5jT2J5omUVV1zzcs1nAaf3l51ctA5FFvCRbhrH0bdAsRRQddFJZPtA=="
        },
        "safer-buffer": {
            "version": "2.1.2",
            "resolved": "https://registry.npmjs.org/safer-buffer/-/safer-buffer-2.1.2.tgz",
            "integrity": "sha512-YZo3K82SD7Riyi0E1EQPojLz7kpepnSQI9IyPbHHg1XXXevb5dJI7tpyN2ADxGcQbHG7vcyRHk0cbwqcQriUtg=="
        },
        "scheduler": {
            "version": "0.13.6",
            "resolved": "https://registry.npmjs.org/scheduler/-/scheduler-0.13.6.tgz",
            "integrity": "sha512-IWnObHt413ucAYKsD9J1QShUKkbKLQQHdxRyw73sw4FN26iWr3DY/H34xGPe4nmL1DwXyWmSWmMrA9TfQbE/XQ==",
            "requires": {
                "loose-envify": "^1.1.0",
                "object-assign": "^4.1.1"
            }
        },
        "setimmediate": {
            "version": "1.0.5",
            "resolved": "https://registry.npmjs.org/setimmediate/-/setimmediate-1.0.5.tgz",
            "integrity": "sha1-KQy7Iy4waULX1+qbg3Mqt4VvgoU="
        },
        "ua-parser-js": {
            "version": "0.7.19",
            "resolved": "https://registry.npmjs.org/ua-parser-js/-/ua-parser-js-0.7.19.tgz",
            "integrity": "sha512-T3PVJ6uz8i0HzPxOF9SWzWAlfN/DavlpQqepn22xgve/5QecC+XMCAtmUNnY7C9StehaV6exjUCI801lOI7QlQ=="
        },
        "whatwg-fetch": {
            "version": "3.0.0",
            "resolved": "https://registry.npmjs.org/whatwg-fetch/-/whatwg-fetch-3.0.0.tgz",
            "integrity": "sha512-9GSJUgz1D4MfyKU7KRqwOjXCXTqWdFNvEr7eUBYchQiVc744mqK/MzXPNR2WsPkmkOa4ywfg8C2n8h+13Bey1Q=="
        }
    }
}
